
Microsoft Visual Studio Solution File, Format Version 12.00
# Visual Studio Version 17
VisualStudioVersion = 17.3.32819.101
MinimumVisualStudioVersion = 10.0.40219.1
Project("{FAE04EC0-301F-11D3-BF4B-00C04F79EFBC}") = "CoursatyApp", "CoursatyApp\CoursatyApp.csproj", "{5765BEB3-39B5-4421-A724-99F76DDE4224}"
EndProject
Global
	GlobalSection(SolutionConfigurationPlatforms) = preSolution
		Debug|Any CPU = Debug|Any CPU
		Release|Any CPU = Release|Any CPU
	EndGlobalSection
	GlobalSection(ProjectConfigurationPlatforms) = postSolution
		{5765BEB3-39B5-4421-A724-99F76DDE4224}.Debug|Any CPU.ActiveCfg = Debug|Any CPU
		{5765BEB3-39B5-4421-A724-99F76DDE4224}.Debug|Any CPU.Build.0 = Debug|Any CPU
		{5765BEB3-39B5-4421-A724-99F76DDE4224}.Release|Any CPU.ActiveCfg = Release|Any CPU
		{5765BEB3-39B5-4421-A724-99F76DDE4224}.Release|Any CPU.Build.0 = Release|Any CPU
	EndGlobalSection
	GlobalSection(SolutionProperties) = preSolution
		HideSolutionNode = FALSE
	EndGlobalSection
	GlobalSection(ExtensibilityGlobals) = postSolution
		SolutionGuid = {55077CEA-A70A-4648-867E-C43872E792DA}
	EndGlobalSection
EndGlobal
